
Microsoft Visual Studio Solution File, Format Version 12.00
# Visual Studio 15
Project("{FAE04EC0-301F-11D3-BF4B-00C04F79EFBC}") = "Keywords", "Keywords.csproj", "{60CFA67D-AA4E-F6B6-0BDE-FD189D0AB87C}"
EndProject
Project("{FAE04EC0-301F-11D3-BF4B-00C04F79EFBC}") = "Keywords.Editor", "Keywords.Editor.csproj", "{7E7E9109-3FA2-D93E-B03C-411818E10410}"
EndProject
Global
	GlobalSection(SolutionConfigurationPlatforms) = preSolution
		Debug|Any CPU = Debug|Any CPU
		Release|Any CPU = Release|Any CPU
	EndGlobalSection
	GlobalSection(ProjectConfigurationPlatforms) = postSolution
		{60CFA67D-AA4E-F6B6-0BDE-FD189D0AB87C}.Debug|Any CPU.ActiveCfg = Debug|Any CPU
		{60CFA67D-AA4E-F6B6-0BDE-FD189D0AB87C}.Debug|Any CPU.Build.0 = Debug|Any CPU
		{60CFA67D-AA4E-F6B6-0BDE-FD189D0AB87C}.Release|Any CPU.ActiveCfg = Release|Any CPU
		{60CFA67D-AA4E-F6B6-0BDE-FD189D0AB87C}.Release|Any CPU.Build.0 = Release|Any CPU
		{7E7E9109-3FA2-D93E-B03C-411818E10410}.Debug|Any CPU.ActiveCfg = Debug|Any CPU
		{7E7E9109-3FA2-D93E-B03C-411818E10410}.Debug|Any CPU.Build.0 = Debug|Any CPU
		{7E7E9109-3FA2-D93E-B03C-411818E10410}.Release|Any CPU.ActiveCfg = Release|Any CPU
		{7E7E9109-3FA2-D93E-B03C-411818E10410}.Release|Any CPU.Build.0 = Release|Any CPU
	EndGlobalSection
	GlobalSection(SolutionProperties) = preSolution
		HideSolutionNode = FALSE
	EndGlobalSection
EndGlobal
